
Microsoft Visual Studio Solution File, Format Version 12.00
# Visual Studio 15
VisualStudioVersion = 15.0.26124.0
MinimumVisualStudioVersion = 15.0.26124.0
Project("{FAE04EC0-301F-11D3-BF4B-00C04F79EFBC}") = "API", "API\API.csproj", "{EF1C419D-A675-4D41-A81A-0147DE5981F7}"
EndProject
Project("{FAE04EC0-301F-11D3-BF4B-00C04F79EFBC}") = "Core", "Core\Core.csproj", "{F5E0CCF9-53BB-4439-BE27-93EE852195BA}"
EndProject
Project("{FAE04EC0-301F-11D3-BF4B-00C04F79EFBC}") = "Infrastructure", "Infrastructure\Infrastructure.csproj", "{D6DE6145-D7F3-4000-A0FF-D6B4C5F6D7DC}"
EndProject
Global
	GlobalSection(SolutionConfigurationPlatforms) = preSolution
		Debug|Any CPU = Debug|Any CPU
		Debug|x64 = Debug|x64
		Debug|x86 = Debug|x86
		Release|Any CPU = Release|Any CPU
		Release|x64 = Release|x64
		Release|x86 = Release|x86
	EndGlobalSection
	GlobalSection(SolutionProperties) = preSolution
		HideSolutionNode = FALSE
	EndGlobalSection
	GlobalSection(ProjectConfigurationPlatforms) = postSolution
		{EF1C419D-A675-4D41-A81A-0147DE5981F7}.Debug|Any CPU.ActiveCfg = Debug|Any CPU
		{EF1C419D-A675-4D41-A81A-0147DE5981F7}.Debug|Any CPU.Build.0 = Debug|Any CPU
		{EF1C419D-A675-4D41-A81A-0147DE5981F7}.Debug|x64.ActiveCfg = Debug|Any CPU
		{EF1C419D-A675-4D41-A81A-0147DE5981F7}.Debug|x64.Build.0 = Debug|Any CPU
		{EF1C419D-A675-4D41-A81A-0147DE5981F7}.Debug|x86.ActiveCfg = Debug|Any CPU
		{EF1C419D-A675-4D41-A81A-0147DE5981F7}.Debug|x86.Build.0 = Debug|Any CPU
		{EF1C419D-A675-4D41-A81A-0147DE5981F7}.Release|Any CPU.ActiveCfg = Release|Any CPU
		{EF1C419D-A675-4D41-A81A-0147DE5981F7}.Release|Any CPU.Build.0 = Release|Any CPU
		{EF1C419D-A675-4D41-A81A-0147DE5981F7}.Release|x64.ActiveCfg = Release|Any CPU
		{EF1C419D-A675-4D41-A81A-0147DE5981F7}.Release|x64.Build.0 = Release|Any CPU
		{EF1C419D-A675-4D41-A81A-0147DE5981F7}.Release|x86.ActiveCfg = Release|Any CPU
		{EF1C419D-A675-4D41-A81A-0147DE5981F7}.Release|x86.Build.0 = Release|Any CPU
		{F5E0CCF9-53BB-4439-BE27-93EE852195BA}.Debug|Any CPU.ActiveCfg = Debug|Any CPU
		{F5E0CCF9-53BB-4439-BE27-93EE852195BA}.Debug|Any CPU.Build.0 = Debug|Any CPU
		{F5E0CCF9-53BB-4439-BE27-93EE852195BA}.Debug|x64.ActiveCfg = Debug|Any CPU
		{F5E0CCF9-53BB-4439-BE27-93EE852195BA}.Debug|x64.Build.0 = Debug|Any CPU
		{F5E0CCF9-53BB-4439-BE27-93EE852195BA}.Debug|x86.ActiveCfg = Debug|Any CPU
		{F5E0CCF9-53BB-4439-BE27-93EE852195BA}.Debug|x86.Build.0 = Debug|Any CPU
		{F5E0CCF9-53BB-4439-BE27-93EE852195BA}.Release|Any CPU.ActiveCfg = Release|Any CPU
		{F5E0CCF9-53BB-4439-BE27-93EE852195BA}.Release|Any CPU.Build.0 = Release|Any CPU
		{F5E0CCF9-53BB-4439-BE27-93EE852195BA}.Release|x64.ActiveCfg = Release|Any CPU
		{F5E0CCF9-53BB-4439-BE27-93EE852195BA}.Release|x64.Build.0 = Release|Any CPU
		{F5E0CCF9-53BB-4439-BE27-93EE852195BA}.Release|x86.ActiveCfg = Release|Any CPU
		{F5E0CCF9-53BB-4439-BE27-93EE852195BA}.Release|x86.Build.0 = Release|Any CPU
		{D6DE6145-D7F3-4000-A0FF-D6B4C5F6D7DC}.Debug|Any CPU.ActiveCfg = Debug|Any CPU
		{D6DE6145-D7F3-4000-A0FF-D6B4C5F6D7DC}.Debug|Any CPU.Build.0 = Debug|Any CPU
		{D6DE6145-D7F3-4000-A0FF-D6B4C5F6D7DC}.Debug|x64.ActiveCfg = Debug|Any CPU
		{D6DE6145-D7F3-4000-A0FF-D6B4C5F6D7DC}.Debug|x64.Build.0 = Debug|Any CPU
		{D6DE6145-D7F3-4000-A0FF-D6B4C5F6D7DC}.Debug|x86.ActiveCfg = Debug|Any CPU
		{D6DE6145-D7F3-4000-A0FF-D6B4C5F6D7DC}.Debug|x86.Build.0 = Debug|Any CPU
		{D6DE6145-D7F3-4000-A0FF-D6B4C5F6D7DC}.Release|Any CPU.ActiveCfg = Release|Any CPU
		{D6DE6145-D7F3-4000-A0FF-D6B4C5F6D7DC}.Release|Any CPU.Build.0 = Release|Any CPU
		{D6DE6145-D7F3-4000-A0FF-D6B4C5F6D7DC}.Release|x64.ActiveCfg = Release|Any CPU
		{D6DE6145-D7F3-4000-A0FF-D6B4C5F6D7DC}.Release|x64.Build.0 = Release|Any CPU
		{D6DE6145-D7F3-4000-A0FF-D6B4C5F6D7DC}.Release|x86.ActiveCfg = Release|Any CPU
		{D6DE6145-D7F3-4000-A0FF-D6B4C5F6D7DC}.Release|x86.Build.0 = Release|Any CPU
	EndGlobalSection
EndGlobal
